
Microsoft Visual Studio Solution File, Format Version 9.00
# Visual Studio 2005
Project("{8BC9CEB8-8B4A-11D0-8D11-00A0C91BC942}") = "Simple", "Simple\Simple.vcproj", "{1DEB33AB-BB5B-4A30-8EAA-4B960DAA3465}"
EndProject
Project("{8BC9CEB8-8B4A-11D0-8D11-00A0C91BC942}") = "SimpleCtrl", "SimpleCtrl\SimpleCtrl.vcproj", "{A386B412-F376-41A3-AF34-0FBB3982C188}"
EndProject
Global
	GlobalSection(SolutionConfigurationPlatforms) = preSolution
		Debug|Win32 = Debug|Win32
		Release|Win32 = Release|Win32
	EndGlobalSection
	GlobalSection(ProjectConfigurationPlatforms) = postSolution
		{1DEB33AB-BB5B-4A30-8EAA-4B960DAA3465}.Debug|Win32.ActiveCfg = Debug|Win32
		{1DEB33AB-BB5B-4A30-8EAA-4B960DAA3465}.Debug|Win32.Build.0 = Debug|Win32
		{1DEB33AB-BB5B-4A30-8EAA-4B960DAA3465}.Release|Win32.ActiveCfg = Release|Win32
		{1DEB33AB-BB5B-4A30-8EAA-4B960DAA3465}.Release|Win32.Build.0 = Release|Win32
		{A386B412-F376-41A3-AF34-0FBB3982C188}.Debug|Win32.ActiveCfg = Debug|Win32
		{A386B412-F376-41A3-AF34-0FBB3982C188}.Debug|Win32.Build.0 = Debug|Win32
		{A386B412-F376-41A3-AF34-0FBB3982C188}.Release|Win32.ActiveCfg = Release|Win32
		{A386B412-F376-41A3-AF34-0FBB3982C188}.Release|Win32.Build.0 = Release|Win32
	EndGlobalSection
	GlobalSection(SolutionProperties) = preSolution
		HideSolutionNode = FALSE
	EndGlobalSection
EndGlobal
