
Microsoft Visual Studio Solution File, Format Version 9.00
# Visual Studio 2005
Project("{2150E333-8FDC-42A3-9474-1A3956D46DE8}") = "TcpExamples", "TcpExamples", "{262B74DC-AF8B-400B-8042-177E0FE07FC3}"
EndProject
Project("{8BC9CEB8-8B4A-11D0-8D11-00A0C91BC942}") = "TcpServer", "TcpServer\TcpServer.vcproj", "{2DF10409-F3FD-40CC-827C-F58CBDD447D2}"
EndProject
Project("{8BC9CEB8-8B4A-11D0-8D11-00A0C91BC942}") = "TcpClient", "TcpClient\TcpClient.vcproj", "{21186920-C26D-4DC7-A84E-15CFF728BEA9}"
EndProject
Project("{2150E333-8FDC-42A3-9474-1A3956D46DE8}") = "UdpExamples", "UdpExamples", "{F66037C4-6C9A-4FBE-BDD4-46044ED1A2E2}"
EndProject
Project("{8BC9CEB8-8B4A-11D0-8D11-00A0C91BC942}") = "UdpServer", "UdpServer\UdpServer.vcproj", "{680773DE-337A-481B-BEDE-C4EDE38458AE}"
EndProject
Project("{8BC9CEB8-8B4A-11D0-8D11-00A0C91BC942}") = "UdpClient", "UdpClient\UdpClient.vcproj", "{80D51950-3950-490A-A413-C487099357E0}"
EndProject
Project("{8BC9CEB8-8B4A-11D0-8D11-00A0C91BC942}") = "UDPConnect", "UDPConnect\UDPConnect.vcproj", "{5F0372B3-D304-413F-9F85-D7F521ADA1CE}"
EndProject
Project("{8BC9CEB8-8B4A-11D0-8D11-00A0C91BC942}") = "TcpServer_Listener", "TcpServer_Listener\TcpServer_Listener.vcproj", "{4BE01550-900E-4EE7-80F1-E77727106545}"
EndProject
Project("{8BC9CEB8-8B4A-11D0-8D11-00A0C91BC942}") = "TcpServer_Stream", "TcpServer_Stream\TcpServer_Stream.vcproj", "{ADBFAC2E-BB43-4BB4-886D-EAD55D75BED8}"
EndProject
Project("{8BC9CEB8-8B4A-11D0-8D11-00A0C91BC942}") = "TcpClient_Stream", "TcpClient_Stream\TcpClient_Stream.vcproj", "{A6DEC7F3-6890-4852-8B54-5D1B8380A98D}"
EndProject
Project("{8BC9CEB8-8B4A-11D0-8D11-00A0C91BC942}") = "UdpServer_Helper", "UdpServer_Helper\UdpServer_Helper.vcproj", "{01F30092-DE91-49EF-ADBD-6D8227E5965E}"
EndProject
Project("{8BC9CEB8-8B4A-11D0-8D11-00A0C91BC942}") = "UdpClient_Helper", "UdpClient_Helper\UdpClient_Helper.vcproj", "{E8E67426-A286-4250-A65F-7A9E4BB94B9B}"
EndProject
Project("{8BC9CEB8-8B4A-11D0-8D11-00A0C91BC942}") = "UdpClient_Timeout", "UdpClient_Timeout\UdpClient_Timeout.vcproj", "{466B48CD-83CF-4A10-A236-7578C1E9E5C1}"
EndProject
Project("{8BC9CEB8-8B4A-11D0-8D11-00A0C91BC942}") = "TcpServer_Async", "Async_TcpServer\Async_TcpServer.vcproj", "{F1A2C267-0CA7-4DEC-961C-E04F0856652E}"
EndProject
Global
	GlobalSection(SolutionConfigurationPlatforms) = preSolution
		Debug|Win32 = Debug|Win32
		Release|Win32 = Release|Win32
	EndGlobalSection
	GlobalSection(ProjectConfigurationPlatforms) = postSolution
		{2DF10409-F3FD-40CC-827C-F58CBDD447D2}.Debug|Win32.ActiveCfg = Debug|Win32
		{2DF10409-F3FD-40CC-827C-F58CBDD447D2}.Debug|Win32.Build.0 = Debug|Win32
		{2DF10409-F3FD-40CC-827C-F58CBDD447D2}.Release|Win32.ActiveCfg = Release|Win32
		{2DF10409-F3FD-40CC-827C-F58CBDD447D2}.Release|Win32.Build.0 = Release|Win32
		{21186920-C26D-4DC7-A84E-15CFF728BEA9}.Debug|Win32.ActiveCfg = Debug|Win32
		{21186920-C26D-4DC7-A84E-15CFF728BEA9}.Debug|Win32.Build.0 = Debug|Win32
		{21186920-C26D-4DC7-A84E-15CFF728BEA9}.Release|Win32.ActiveCfg = Release|Win32
		{21186920-C26D-4DC7-A84E-15CFF728BEA9}.Release|Win32.Build.0 = Release|Win32
		{680773DE-337A-481B-BEDE-C4EDE38458AE}.Debug|Win32.ActiveCfg = Debug|Win32
		{680773DE-337A-481B-BEDE-C4EDE38458AE}.Debug|Win32.Build.0 = Debug|Win32
		{680773DE-337A-481B-BEDE-C4EDE38458AE}.Release|Win32.ActiveCfg = Release|Win32
		{680773DE-337A-481B-BEDE-C4EDE38458AE}.Release|Win32.Build.0 = Release|Win32
		{80D51950-3950-490A-A413-C487099357E0}.Debug|Win32.ActiveCfg = Debug|Win32
		{80D51950-3950-490A-A413-C487099357E0}.Debug|Win32.Build.0 = Debug|Win32
		{80D51950-3950-490A-A413-C487099357E0}.Release|Win32.ActiveCfg = Release|Win32
		{80D51950-3950-490A-A413-C487099357E0}.Release|Win32.Build.0 = Release|Win32
		{5F0372B3-D304-413F-9F85-D7F521ADA1CE}.Debug|Win32.ActiveCfg = Debug|Win32
		{5F0372B3-D304-413F-9F85-D7F521ADA1CE}.Debug|Win32.Build.0 = Debug|Win32
		{5F0372B3-D304-413F-9F85-D7F521ADA1CE}.Release|Win32.ActiveCfg = Release|Win32
		{5F0372B3-D304-413F-9F85-D7F521ADA1CE}.Release|Win32.Build.0 = Release|Win32
		{4BE01550-900E-4EE7-80F1-E77727106545}.Debug|Win32.ActiveCfg = Debug|Win32
		{4BE01550-900E-4EE7-80F1-E77727106545}.Debug|Win32.Build.0 = Debug|Win32
		{4BE01550-900E-4EE7-80F1-E77727106545}.Release|Win32.ActiveCfg = Release|Win32
		{4BE01550-900E-4EE7-80F1-E77727106545}.Release|Win32.Build.0 = Release|Win32
		{ADBFAC2E-BB43-4BB4-886D-EAD55D75BED8}.Debug|Win32.ActiveCfg = Debug|Win32
		{ADBFAC2E-BB43-4BB4-886D-EAD55D75BED8}.Debug|Win32.Build.0 = Debug|Win32
		{ADBFAC2E-BB43-4BB4-886D-EAD55D75BED8}.Release|Win32.ActiveCfg = Release|Win32
		{ADBFAC2E-BB43-4BB4-886D-EAD55D75BED8}.Release|Win32.Build.0 = Release|Win32
		{A6DEC7F3-6890-4852-8B54-5D1B8380A98D}.Debug|Win32.ActiveCfg = Debug|Win32
		{A6DEC7F3-6890-4852-8B54-5D1B8380A98D}.Debug|Win32.Build.0 = Debug|Win32
		{A6DEC7F3-6890-4852-8B54-5D1B8380A98D}.Release|Win32.ActiveCfg = Release|Win32
		{A6DEC7F3-6890-4852-8B54-5D1B8380A98D}.Release|Win32.Build.0 = Release|Win32
		{01F30092-DE91-49EF-ADBD-6D8227E5965E}.Debug|Win32.ActiveCfg = Debug|Win32
		{01F30092-DE91-49EF-ADBD-6D8227E5965E}.Debug|Win32.Build.0 = Debug|Win32
		{01F30092-DE91-49EF-ADBD-6D8227E5965E}.Release|Win32.ActiveCfg = Release|Win32
		{01F30092-DE91-49EF-ADBD-6D8227E5965E}.Release|Win32.Build.0 = Release|Win32
		{E8E67426-A286-4250-A65F-7A9E4BB94B9B}.Debug|Win32.ActiveCfg = Debug|Win32
		{E8E67426-A286-4250-A65F-7A9E4BB94B9B}.Debug|Win32.Build.0 = Debug|Win32
		{E8E67426-A286-4250-A65F-7A9E4BB94B9B}.Release|Win32.ActiveCfg = Release|Win32
		{E8E67426-A286-4250-A65F-7A9E4BB94B9B}.Release|Win32.Build.0 = Release|Win32
		{466B48CD-83CF-4A10-A236-7578C1E9E5C1}.Debug|Win32.ActiveCfg = Debug|Win32
		{466B48CD-83CF-4A10-A236-7578C1E9E5C1}.Debug|Win32.Build.0 = Debug|Win32
		{466B48CD-83CF-4A10-A236-7578C1E9E5C1}.Release|Win32.ActiveCfg = Release|Win32
		{466B48CD-83CF-4A10-A236-7578C1E9E5C1}.Release|Win32.Build.0 = Release|Win32
		{F1A2C267-0CA7-4DEC-961C-E04F0856652E}.Debug|Win32.ActiveCfg = Debug|Win32
		{F1A2C267-0CA7-4DEC-961C-E04F0856652E}.Debug|Win32.Build.0 = Debug|Win32
		{F1A2C267-0CA7-4DEC-961C-E04F0856652E}.Release|Win32.ActiveCfg = Release|Win32
		{F1A2C267-0CA7-4DEC-961C-E04F0856652E}.Release|Win32.Build.0 = Release|Win32
	EndGlobalSection
	GlobalSection(SolutionProperties) = preSolution
		HideSolutionNode = FALSE
	EndGlobalSection
	GlobalSection(NestedProjects) = preSolution
		{2DF10409-F3FD-40CC-827C-F58CBDD447D2} = {262B74DC-AF8B-400B-8042-177E0FE07FC3}
		{21186920-C26D-4DC7-A84E-15CFF728BEA9} = {262B74DC-AF8B-400B-8042-177E0FE07FC3}
		{4BE01550-900E-4EE7-80F1-E77727106545} = {262B74DC-AF8B-400B-8042-177E0FE07FC3}
		{ADBFAC2E-BB43-4BB4-886D-EAD55D75BED8} = {262B74DC-AF8B-400B-8042-177E0FE07FC3}
		{A6DEC7F3-6890-4852-8B54-5D1B8380A98D} = {262B74DC-AF8B-400B-8042-177E0FE07FC3}
		{F1A2C267-0CA7-4DEC-961C-E04F0856652E} = {262B74DC-AF8B-400B-8042-177E0FE07FC3}
		{680773DE-337A-481B-BEDE-C4EDE38458AE} = {F66037C4-6C9A-4FBE-BDD4-46044ED1A2E2}
		{80D51950-3950-490A-A413-C487099357E0} = {F66037C4-6C9A-4FBE-BDD4-46044ED1A2E2}
		{5F0372B3-D304-413F-9F85-D7F521ADA1CE} = {F66037C4-6C9A-4FBE-BDD4-46044ED1A2E2}
		{01F30092-DE91-49EF-ADBD-6D8227E5965E} = {F66037C4-6C9A-4FBE-BDD4-46044ED1A2E2}
		{E8E67426-A286-4250-A65F-7A9E4BB94B9B} = {F66037C4-6C9A-4FBE-BDD4-46044ED1A2E2}
		{466B48CD-83CF-4A10-A236-7578C1E9E5C1} = {F66037C4-6C9A-4FBE-BDD4-46044ED1A2E2}
	EndGlobalSection
EndGlobal
