
Microsoft Visual Studio Solution File, Format Version 9.00
# Visual Studio 2005
Project("{8BC9CEB8-8B4A-11D0-8D11-00A0C91BC942}") = "ReadXML", "ReadXML\ReadXML.vcproj", "{D00271E6-BDAF-4E82-879A-5BC30AA0CA45}"
EndProject
Project("{8BC9CEB8-8B4A-11D0-8D11-00A0C91BC942}") = "WriteXML", "WriteXML\WriteXML.vcproj", "{314A147C-FF24-4F95-B3F7-D2F953620D1D}"
EndProject
Project("{8BC9CEB8-8B4A-11D0-8D11-00A0C91BC942}") = "ValidateXML", "ValidateXML\ValidateXML.vcproj", "{882E402F-CC5E-40B1-A10C-86AA940CF753}"
EndProject
Project("{8BC9CEB8-8B4A-11D0-8D11-00A0C91BC942}") = "UpdateXML", "UpdateXML\UpdateXML.vcproj", "{EF8C3541-9E23-4E87-B18C-BF6DE184BEFC}"
EndProject
Project("{8BC9CEB8-8B4A-11D0-8D11-00A0C91BC942}") = "ReadXMLDOM", "ReadXMLDOM\ReadXMLDOM.vcproj", "{BBBC1AAF-2CC1-4A2D-9AFB-DFAD1C7880BE}"
EndProject
Project("{8BC9CEB8-8B4A-11D0-8D11-00A0C91BC942}") = "UpdateXMLDOM", "UpdateXMLDOM\UpdateXMLDOM.vcproj", "{29A75193-75C6-4DCA-A4AD-7DDC5E8F8A67}"
EndProject
Project("{8BC9CEB8-8B4A-11D0-8D11-00A0C91BC942}") = "WriteXMLDOM", "WriteXMLDOM\WriteXMLDOM.vcproj", "{BDFE0437-F82D-4122-8300-EDA6AE18B1CE}"
EndProject
Project("{8BC9CEB8-8B4A-11D0-8D11-00A0C91BC942}") = "ReadXPathNav", "ReadXPathNav\ReadXPathNav.vcproj", "{6A038BFE-BBEB-4A71-B1CB-219CA2A6820F}"
EndProject
Project("{8BC9CEB8-8B4A-11D0-8D11-00A0C91BC942}") = "XPathEx", "XPathEx\XPathEx.vcproj", "{1B8BF33C-B38F-4D07-8316-D94A4BA63904}"
EndProject
Project("{8BC9CEB8-8B4A-11D0-8D11-00A0C91BC942}") = "ADONET", "ADONET\ADONET.vcproj", "{51028C21-628E-4C21-B7A1-AEC200038428}"
EndProject
Global
	GlobalSection(SolutionConfigurationPlatforms) = preSolution
		Debug|Win32 = Debug|Win32
		Release|Win32 = Release|Win32
	EndGlobalSection
	GlobalSection(ProjectConfigurationPlatforms) = postSolution
		{D00271E6-BDAF-4E82-879A-5BC30AA0CA45}.Debug|Win32.ActiveCfg = Debug|Win32
		{D00271E6-BDAF-4E82-879A-5BC30AA0CA45}.Debug|Win32.Build.0 = Debug|Win32
		{D00271E6-BDAF-4E82-879A-5BC30AA0CA45}.Release|Win32.ActiveCfg = Release|Win32
		{D00271E6-BDAF-4E82-879A-5BC30AA0CA45}.Release|Win32.Build.0 = Release|Win32
		{314A147C-FF24-4F95-B3F7-D2F953620D1D}.Debug|Win32.ActiveCfg = Debug|Win32
		{314A147C-FF24-4F95-B3F7-D2F953620D1D}.Debug|Win32.Build.0 = Debug|Win32
		{314A147C-FF24-4F95-B3F7-D2F953620D1D}.Release|Win32.ActiveCfg = Release|Win32
		{314A147C-FF24-4F95-B3F7-D2F953620D1D}.Release|Win32.Build.0 = Release|Win32
		{882E402F-CC5E-40B1-A10C-86AA940CF753}.Debug|Win32.ActiveCfg = Debug|Win32
		{882E402F-CC5E-40B1-A10C-86AA940CF753}.Debug|Win32.Build.0 = Debug|Win32
		{882E402F-CC5E-40B1-A10C-86AA940CF753}.Release|Win32.ActiveCfg = Release|Win32
		{882E402F-CC5E-40B1-A10C-86AA940CF753}.Release|Win32.Build.0 = Release|Win32
		{EF8C3541-9E23-4E87-B18C-BF6DE184BEFC}.Debug|Win32.ActiveCfg = Debug|Win32
		{EF8C3541-9E23-4E87-B18C-BF6DE184BEFC}.Debug|Win32.Build.0 = Debug|Win32
		{EF8C3541-9E23-4E87-B18C-BF6DE184BEFC}.Release|Win32.ActiveCfg = Release|Win32
		{EF8C3541-9E23-4E87-B18C-BF6DE184BEFC}.Release|Win32.Build.0 = Release|Win32
		{BBBC1AAF-2CC1-4A2D-9AFB-DFAD1C7880BE}.Debug|Win32.ActiveCfg = Debug|Win32
		{BBBC1AAF-2CC1-4A2D-9AFB-DFAD1C7880BE}.Debug|Win32.Build.0 = Debug|Win32
		{BBBC1AAF-2CC1-4A2D-9AFB-DFAD1C7880BE}.Release|Win32.ActiveCfg = Release|Win32
		{BBBC1AAF-2CC1-4A2D-9AFB-DFAD1C7880BE}.Release|Win32.Build.0 = Release|Win32
		{29A75193-75C6-4DCA-A4AD-7DDC5E8F8A67}.Debug|Win32.ActiveCfg = Debug|Win32
		{29A75193-75C6-4DCA-A4AD-7DDC5E8F8A67}.Debug|Win32.Build.0 = Debug|Win32
		{29A75193-75C6-4DCA-A4AD-7DDC5E8F8A67}.Release|Win32.ActiveCfg = Release|Win32
		{29A75193-75C6-4DCA-A4AD-7DDC5E8F8A67}.Release|Win32.Build.0 = Release|Win32
		{BDFE0437-F82D-4122-8300-EDA6AE18B1CE}.Debug|Win32.ActiveCfg = Debug|Win32
		{BDFE0437-F82D-4122-8300-EDA6AE18B1CE}.Debug|Win32.Build.0 = Debug|Win32
		{BDFE0437-F82D-4122-8300-EDA6AE18B1CE}.Release|Win32.ActiveCfg = Release|Win32
		{BDFE0437-F82D-4122-8300-EDA6AE18B1CE}.Release|Win32.Build.0 = Release|Win32
		{6A038BFE-BBEB-4A71-B1CB-219CA2A6820F}.Debug|Win32.ActiveCfg = Debug|Win32
		{6A038BFE-BBEB-4A71-B1CB-219CA2A6820F}.Debug|Win32.Build.0 = Debug|Win32
		{6A038BFE-BBEB-4A71-B1CB-219CA2A6820F}.Release|Win32.ActiveCfg = Release|Win32
		{6A038BFE-BBEB-4A71-B1CB-219CA2A6820F}.Release|Win32.Build.0 = Release|Win32
		{1B8BF33C-B38F-4D07-8316-D94A4BA63904}.Debug|Win32.ActiveCfg = Debug|Win32
		{1B8BF33C-B38F-4D07-8316-D94A4BA63904}.Debug|Win32.Build.0 = Debug|Win32
		{1B8BF33C-B38F-4D07-8316-D94A4BA63904}.Release|Win32.ActiveCfg = Release|Win32
		{1B8BF33C-B38F-4D07-8316-D94A4BA63904}.Release|Win32.Build.0 = Release|Win32
		{51028C21-628E-4C21-B7A1-AEC200038428}.Debug|Win32.ActiveCfg = Debug|Win32
		{51028C21-628E-4C21-B7A1-AEC200038428}.Debug|Win32.Build.0 = Debug|Win32
		{51028C21-628E-4C21-B7A1-AEC200038428}.Release|Win32.ActiveCfg = Release|Win32
		{51028C21-628E-4C21-B7A1-AEC200038428}.Release|Win32.Build.0 = Release|Win32
	EndGlobalSection
	GlobalSection(SolutionProperties) = preSolution
		HideSolutionNode = FALSE
	EndGlobalSection
EndGlobal
